<?xml version="1.0" encoding="UTF-8" standalone="yes" ?>
<CodeBlocks_project_file>
	<FileVersion major="1" minor="6" />
	<Project>
		<Option title="Voyageur de commerce" />
		<Option pch_mode="2" />
		<Option compiler="gcc" />
		<Option virtualFolders="Voyageur-du-commerce\;" />
		<Build>
			<Target title="Debug">
				<Option output="bin/Debug/Voyageur de commerce" prefix_auto="1" extension_auto="1" />
				<Option object_output="obj/Debug/" />
				<Option type="1" />
				<Option compiler="gcc" />
				<Compiler>
					<Add option="-g" />
				</Compiler>
			</Target>
			<Target title="Release">
				<Option output="bin/Release/Voyageur de commerce" prefix_auto="1" extension_auto="1" />
				<Option object_output="obj/Release/" />
				<Option type="1" />
				<Option compiler="gcc" />
				<Compiler>
					<Add option="-O2" />
				</Compiler>
				<Linker>
					<Add option="-s" />
				</Linker>
			</Target>
		</Build>
		<Compiler>
			<Add option="-Wall" />
			<Add option="-fexceptions" />
		</Compiler>
		<Unit filename="include/Chemin.hpp" />
		<Unit filename="include/Graphe.hpp" />
		<Unit filename="include/Individu.hpp" />
		<Unit filename="include/Population.hpp" />
		<Unit filename="include/Ville.hpp" />
		<Unit filename="include/generer_indivudu.h" />
		<Unit filename="include/mutation.hpp" />
		<Unit filename="include/random_generator.hpp" />
		<Unit filename="src/Graphe.cpp" />
		<Unit filename="src/Individu.cpp" />
		<Unit filename="src/Population.cpp" />
		<Unit filename="src/Ville.cpp" />
		<Unit filename="src/chemin.cpp" />
		<Unit filename="src/cross_over.cpp" />
		<Unit filename="src/generer_individu.cpp" />
		<Unit filename="src/main.cpp" />
		<Unit filename="src/mutation.cpp" />
		<Unit filename="src/random_generator.cpp" />
		<Extensions>
			<code_completion />
			<envvars />
			<debugger />
			<lib_finder disable_auto="1" />
		</Extensions>
	</Project>
</CodeBlocks_project_file>
